
Microsoft Visual Studio Solution File, Format Version 12.00
# Visual Studio Version 17
VisualStudioVersion = 17.5.002.0
MinimumVisualStudioVersion = 10.0.40219.1
Project("{9A19103F-16F7-4668-BE54-9A1E7A4F7556}") = "LuciansLusciousLasagna", "lucians-luscious-lasagna\LuciansLusciousLasagna.csproj", "{531D24A6-EADA-455B-B411-79ED9EA0CFF0}"
EndProject
Project("{9A19103F-16F7-4668-BE54-9A1E7A4F7556}") = "HelloWorld", "hello-world\HelloWorld.csproj", "{B84C6CF0-E4DB-4F63-9D4E-A7146FA14792}"
EndProject
Project("{FAE04EC0-301F-11D3-BF4B-00C04F79EFBC}") = "WebApplication1", "WebApplication1\WebApplication1.csproj", "{5DDF598D-5ED6-41A2-9542-1AD2F427A764}"
EndProject
Global
	GlobalSection(SolutionConfigurationPlatforms) = preSolution
		Debug|Any CPU = Debug|Any CPU
		Release|Any CPU = Release|Any CPU
	EndGlobalSection
	GlobalSection(ProjectConfigurationPlatforms) = postSolution
		{531D24A6-EADA-455B-B411-79ED9EA0CFF0}.Debug|Any CPU.ActiveCfg = Debug|Any CPU
		{531D24A6-EADA-455B-B411-79ED9EA0CFF0}.Debug|Any CPU.Build.0 = Debug|Any CPU
		{531D24A6-EADA-455B-B411-79ED9EA0CFF0}.Release|Any CPU.ActiveCfg = Release|Any CPU
		{531D24A6-EADA-455B-B411-79ED9EA0CFF0}.Release|Any CPU.Build.0 = Release|Any CPU
		{B84C6CF0-E4DB-4F63-9D4E-A7146FA14792}.Debug|Any CPU.ActiveCfg = Debug|Any CPU
		{B84C6CF0-E4DB-4F63-9D4E-A7146FA14792}.Debug|Any CPU.Build.0 = Debug|Any CPU
		{B84C6CF0-E4DB-4F63-9D4E-A7146FA14792}.Release|Any CPU.ActiveCfg = Release|Any CPU
		{B84C6CF0-E4DB-4F63-9D4E-A7146FA14792}.Release|Any CPU.Build.0 = Release|Any CPU
		{5DDF598D-5ED6-41A2-9542-1AD2F427A764}.Debug|Any CPU.ActiveCfg = Debug|Any CPU
		{5DDF598D-5ED6-41A2-9542-1AD2F427A764}.Debug|Any CPU.Build.0 = Debug|Any CPU
		{5DDF598D-5ED6-41A2-9542-1AD2F427A764}.Release|Any CPU.ActiveCfg = Release|Any CPU
		{5DDF598D-5ED6-41A2-9542-1AD2F427A764}.Release|Any CPU.Build.0 = Release|Any CPU
	EndGlobalSection
	GlobalSection(SolutionProperties) = preSolution
		HideSolutionNode = FALSE
	EndGlobalSection
	GlobalSection(ExtensibilityGlobals) = postSolution
		SolutionGuid = {6E31909C-8D0E-4554-84A0-E2EFE711D473}
	EndGlobalSection
EndGlobal
